PODS:
  - Realm (3.0.2):
    - Realm/Headers (= 3.0.2)
  - Realm/Headers (3.0.2)
  - RealmSwift (3.0.2):
    - Realm (= 3.0.2)
  - RxBlocking (4.0.0):
    - RxSwift (~> 4.0)
  - RxCocoa (4.0.0):
    - RxSwift (~> 4.0)
  - RxKeyboard (0.7.1):
    - RxCocoa (>= 4.0.0)
    - RxSwift (>= 4.0.0)
  - RxRealm (0.7.4):
    - RealmSwift (~> 3.0)
    - RxSwift (~> 4.0)
  - RxSwift (4.0.0)
  - RxSwiftExt (3.0.0):
    - RxSwiftExt/Core (= 3.0.0)
  - RxSwiftExt/Core (3.0.0):
    - RxSwift (~> 4.0)
  - RxTest (4.0.0):
    - RxSwift (~> 4.0)
  - RxViewModel (5.1.0):
    - RxSwift (~> 4.0)

DEPENDENCIES:
  - RxBlocking (~> 4.0)
  - RxCocoa (~> 4.0)
  - RxKeyboard
  - RxRealm
  - RxSwift (~> 4.0)
  - RxSwiftExt
  - RxTest (~> 4.0)
  - RxViewModel

SPEC CHECKSUMS:
  Realm: 6f23fd1f178a09342eac21bfa7c2bf4312a7a180
  RealmSwift: 695393add1b8f9d5fa75dd16e6355cf3935f71e2
  RxBlocking: 923c2c8106d80d7c2d6b276afd66ce3b10824836
  RxCocoa: d62846ca96495d862fa4c59ea7d87e5031d7340e
  RxKeyboard: eae01da0d1750e1c4852d20798279cf7b318c304
  RxRealm: 9e203070a6adadd8f2592b58bbc9c8cc40aa35ec
  RxSwift: fd680d75283beb5e2559486f3c0ff852f0d35334
  RxSwiftExt: b06c47dff66cd33ca7683bba1e74b0c5c8e3592e
  RxTest: 0041e792cede35e53e4749f378d21482af0e9d12
  RxViewModel: fb8b3f73dafb72f1fd02af2fb48e97f0133a838d

PODFILE CHECKSUM: 98aa63e8e83b629b698dd9ffab1df22281d35f69

COCOAPODS: 1.3.1
